# This file is autogenerated, do not edit; changes may be undone by the next 'dep ensure'.


[[projects]]
  branch = "master"
  name = "github.com/die-net/lrucache"
  packages = ["."]
  revision = "04b9315ab7a61886b4e51dba37a9c7cc14885fae"

[[projects]]
  branch = "master"
  name = "github.com/gregjones/httpcache"
  packages = ["."]
  revision = "9cad4c3443a7200dd6400aef47183728de563a38"

[[projects]]
  branch = "master"
  name = "github.com/shurcooL/httpfs"
  packages = [
    "html/vfstemplate",
    "path/vfspath",
    "vfsutil"
  ]
  revision = "809beceb23714880abc4a382a00c05f89d13b1cc"

[[projects]]
  branch = "master"
  name = "github.com/shurcooL/vfsgen"
  packages = ["."]
  revision = "bded413e56ef86004fb6a11dd9d1bb9dc118ed03"

[solve-meta]
  analyzer-name = "dep"
  analyzer-version = 1
  inputs-digest = "2177e91be6400e49607fe59ad44fc63aa1e7805da4908f45f5925481db4e9154"
  solver-name = "gps-cdcl"
  solver-version = 1
